
Microsoft Visual Studio Solution File, Format Version 12.00
# Visual Studio 15
VisualStudioVersion = 15.0.28307.1259
MinimumVisualStudioVersion = 10.0.40219.1
Project("{FAE04EC0-301F-11D3-BF4B-00C04F79EFBC}") = "Doanquanlythuvien", "Doanquanlythuvien\Doanquanlythuvien.csproj", "{3FBC11E9-0CC4-47F8-AF74-FC5AFED7BFCD}"
EndProject
Global
	GlobalSection(SolutionConfigurationPlatforms) = preSolution
		Debug|Any CPU = Debug|Any CPU
		Release|Any CPU = Release|Any CPU
	EndGlobalSection
	GlobalSection(ProjectConfigurationPlatforms) = postSolution
		{3FBC11E9-0CC4-47F8-AF74-FC5AFED7BFCD}.Debug|Any CPU.ActiveCfg = Debug|Any CPU
		{3FBC11E9-0CC4-47F8-AF74-FC5AFED7BFCD}.Debug|Any CPU.Build.0 = Debug|Any CPU
		{3FBC11E9-0CC4-47F8-AF74-FC5AFED7BFCD}.Release|Any CPU.ActiveCfg = Release|Any CPU
		{3FBC11E9-0CC4-47F8-AF74-FC5AFED7BFCD}.Release|Any CPU.Build.0 = Release|Any CPU
	EndGlobalSection
	GlobalSection(SolutionProperties) = preSolution
		HideSolutionNode = FALSE
	EndGlobalSection
	GlobalSection(ExtensibilityGlobals) = postSolution
		SolutionGuid = {91FBBB9D-9EC2-4C59-A504-6B5C751E6F5F}
	EndGlobalSection
EndGlobal
